
Microsoft Visual Studio Solution File, Format Version 10.00
# Visual Studio 2008
Project("{8BC9CEB8-8B4A-11D0-8D11-00A0C91BC942}") = "timus_1204", "timus_1204.vcproj", "{E9385CF6-28CE-4E0A-9E67-2C4DFCF261AA}"
EndProject
Global
	GlobalSection(SolutionConfigurationPlatforms) = preSolution
		Debug|Win32 = Debug|Win32
		Release|Win32 = Release|Win32
	EndGlobalSection
	GlobalSection(ProjectConfigurationPlatforms) = postSolution
		{E9385CF6-28CE-4E0A-9E67-2C4DFCF261AA}.Debug|Win32.ActiveCfg = Debug|Win32
		{E9385CF6-28CE-4E0A-9E67-2C4DFCF261AA}.Debug|Win32.Build.0 = Debug|Win32
		{E9385CF6-28CE-4E0A-9E67-2C4DFCF261AA}.Release|Win32.ActiveCfg = Release|Win32
		{E9385CF6-28CE-4E0A-9E67-2C4DFCF261AA}.Release|Win32.Build.0 = Release|Win32
	EndGlobalSection
	GlobalSection(SolutionProperties) = preSolution
		HideSolutionNode = FALSE
	EndGlobalSection
EndGlobal
