
Microsoft Visual Studio Solution File, Format Version 10.00
# Visual Studio 2008
Project("{8BC9CEB8-8B4A-11D0-8D11-00A0C91BC942}") = "timus_1456", "timus_1456.vcproj", "{B68C0B8B-FF60-4B5A-A87B-1A8278A3600E}"
EndProject
Global
	GlobalSection(SolutionConfigurationPlatforms) = preSolution
		Debug|Win32 = Debug|Win32
		Release|Win32 = Release|Win32
	EndGlobalSection
	GlobalSection(ProjectConfigurationPlatforms) = postSolution
		{B68C0B8B-FF60-4B5A-A87B-1A8278A3600E}.Debug|Win32.ActiveCfg = Debug|Win32
		{B68C0B8B-FF60-4B5A-A87B-1A8278A3600E}.Debug|Win32.Build.0 = Debug|Win32
		{B68C0B8B-FF60-4B5A-A87B-1A8278A3600E}.Release|Win32.ActiveCfg = Release|Win32
		{B68C0B8B-FF60-4B5A-A87B-1A8278A3600E}.Release|Win32.Build.0 = Release|Win32
	EndGlobalSection
	GlobalSection(SolutionProperties) = preSolution
		HideSolutionNode = FALSE
	EndGlobalSection
EndGlobal
