
Microsoft Visual Studio Solution File, Format Version 10.00
# Visual Studio 2008
Project("{8BC9CEB8-8B4A-11D0-8D11-00A0C91BC942}") = "MFCAVLHash", "MFCAVLHash.vcproj", "{3BC8D2E3-E9AF-45CD-BB3A-36DB0B78FF59}"
EndProject
Global
	GlobalSection(SolutionConfigurationPlatforms) = preSolution
		Debug|Win32 = Debug|Win32
		Release|Win32 = Release|Win32
	EndGlobalSection
	GlobalSection(ProjectConfigurationPlatforms) = postSolution
		{3BC8D2E3-E9AF-45CD-BB3A-36DB0B78FF59}.Debug|Win32.ActiveCfg = Debug|Win32
		{3BC8D2E3-E9AF-45CD-BB3A-36DB0B78FF59}.Debug|Win32.Build.0 = Debug|Win32
		{3BC8D2E3-E9AF-45CD-BB3A-36DB0B78FF59}.Release|Win32.ActiveCfg = Release|Win32
		{3BC8D2E3-E9AF-45CD-BB3A-36DB0B78FF59}.Release|Win32.Build.0 = Release|Win32
	EndGlobalSection
	GlobalSection(SolutionProperties) = preSolution
		HideSolutionNode = FALSE
	EndGlobalSection
EndGlobal
